
Microsoft Visual Studio Solution File, Format Version 12.00
# Visual Studio Version 17
VisualStudioVersion = 17.3.32929.385
MinimumVisualStudioVersion = 10.0.40219.1
Project("{FAE04EC0-301F-11D3-BF4B-00C04F79EFBC}") = "BinSoub01", "BinSoub00\BinSoub01.csproj", "{BC8BA72B-A4C6-4E6F-A6F8-40254B22E00D}"
EndProject
Project("{FAE04EC0-301F-11D3-BF4B-00C04F79EFBC}") = "BinSoub02", "BinSoub02\BinSoub02.csproj", "{B0D33DB8-2974-4AE5-90A3-3260BA339544}"
EndProject
Project("{FAE04EC0-301F-11D3-BF4B-00C04F79EFBC}") = "BinSoub03", "BinSoub03\BinSoub03.csproj", "{C49E90E6-BB02-43AB-8717-D28A6B8CDC87}"
EndProject
Global
	GlobalSection(SolutionConfigurationPlatforms) = preSolution
		Debug|Any CPU = Debug|Any CPU
		Release|Any CPU = Release|Any CPU
	EndGlobalSection
	GlobalSection(ProjectConfigurationPlatforms) = postSolution
		{BC8BA72B-A4C6-4E6F-A6F8-40254B22E00D}.Debug|Any CPU.ActiveCfg = Debug|Any CPU
		{BC8BA72B-A4C6-4E6F-A6F8-40254B22E00D}.Debug|Any CPU.Build.0 = Debug|Any CPU
		{BC8BA72B-A4C6-4E6F-A6F8-40254B22E00D}.Release|Any CPU.ActiveCfg = Release|Any CPU
		{BC8BA72B-A4C6-4E6F-A6F8-40254B22E00D}.Release|Any CPU.Build.0 = Release|Any CPU
		{B0D33DB8-2974-4AE5-90A3-3260BA339544}.Debug|Any CPU.ActiveCfg = Debug|Any CPU
		{B0D33DB8-2974-4AE5-90A3-3260BA339544}.Debug|Any CPU.Build.0 = Debug|Any CPU
		{B0D33DB8-2974-4AE5-90A3-3260BA339544}.Release|Any CPU.ActiveCfg = Release|Any CPU
		{B0D33DB8-2974-4AE5-90A3-3260BA339544}.Release|Any CPU.Build.0 = Release|Any CPU
		{C49E90E6-BB02-43AB-8717-D28A6B8CDC87}.Debug|Any CPU.ActiveCfg = Debug|Any CPU
		{C49E90E6-BB02-43AB-8717-D28A6B8CDC87}.Debug|Any CPU.Build.0 = Debug|Any CPU
		{C49E90E6-BB02-43AB-8717-D28A6B8CDC87}.Release|Any CPU.ActiveCfg = Release|Any CPU
		{C49E90E6-BB02-43AB-8717-D28A6B8CDC87}.Release|Any CPU.Build.0 = Release|Any CPU
	EndGlobalSection
	GlobalSection(SolutionProperties) = preSolution
		HideSolutionNode = FALSE
	EndGlobalSection
	GlobalSection(ExtensibilityGlobals) = postSolution
		SolutionGuid = {4AE19FE3-DF24-4C07-8CCE-6FD27C5E0207}
	EndGlobalSection
EndGlobal
